<?xml version="1.0" encoding="utf-8"?>
<Project ToolsVersion="4.0" xmlns="http://schemas.microsoft.com/developer/msbuild/2003">
  <ItemGroup>
    <ClCompile Include="Application.cpp" />
    <ClCompile Include="log.cpp" />
    <ClCompile Include="Main.cpp" />
    <ClCompile Include="ModuleInput.cpp" />
    <ClCompile Include="ModuleRender.cpp" />
    <ClCompile Include="ModuleWindow.cpp" />
    <ClCompile Include="MathGeoLib-master\src\Time\Clock.cpp">
      <Filter>MathGeoLib\Time</Filter>
    </ClCompile>
    <ClCompile Include="MathGeoLib-master\src\Math\MiniFloat.cpp">
      <Filter>MathGeoLib\Math</Filter>
    </ClCompile>
    <ClCompile Include="MathGeoLib-master\src\Math\Polynomial.cpp">
      <Filter>MathGeoLib\Math</Filter>
    </ClCompile>
    <ClCompile Include="MathGeoLib-master\src\Math\Quat.cpp">
      <Filter>MathGeoLib\Math</Filter>
    </ClCompile>
    <ClCompile Include="MathGeoLib-master\src\Math\SSEMath.cpp">
      <Filter>MathGeoLib\Math</Filter>
    </ClCompile>
    <ClCompile Include="MathGeoLib-master\src\Math\TransformOps.cpp">
      <Filter>MathGeoLib\Math</Filter>
    </ClCompile>
    <ClCompile Include="MathGeoLib-master\src\Math\BitOps.cpp">
      <Filter>MathGeoLib\Math</Filter>
    </ClCompile>
    <ClCompile Include="MathGeoLib-master\src\Math\Callstack.cpp">
      <Filter>MathGeoLib\Math</Filter>
    </ClCompile>
    <ClCompile Include="MathGeoLib-master\src\Math\float2.cpp">
      <Filter>MathGeoLib\Math</Filter>
    </ClCompile>
    <ClCompile Include="MathGeoLib-master\src\Math\float3.cpp">
      <Filter>MathGeoLib\Math</Filter>
    </ClCompile>
    <ClCompile Include="MathGeoLib-master\src\Math\float3x3.cpp">
      <Filter>MathGeoLib\Math</Filter>
    </ClCompile>
    <ClCompile Include="MathGeoLib-master\src\Math\float3x4.cpp">
      <Filter>MathGeoLib\Math</Filter>
    </ClCompile>
    <ClCompile Include="MathGeoLib-master\src\Math\float4.cpp">
      <Filter>MathGeoLib\Math</Filter>
    </ClCompile>
    <ClCompile Include="MathGeoLib-master\src\Math\float4d.cpp">
      <Filter>MathGeoLib\Math</Filter>
    </ClCompile>
    <ClCompile Include="MathGeoLib-master\src\Math\float4x4.cpp">
      <Filter>MathGeoLib\Math</Filter>
    </ClCompile>
    <ClCompile Include="MathGeoLib-master\src\Math\grisu3.c">
      <Filter>MathGeoLib\Math</Filter>
    </ClCompile>
    <ClCompile Include="MathGeoLib-master\src\Math\grisu3_cpp.cpp">
      <Filter>MathGeoLib\Math</Filter>
    </ClCompile>
    <ClCompile Include="MathGeoLib-master\src\Math\MathFunc.cpp">
      <Filter>MathGeoLib\Math</Filter>
    </ClCompile>
    <ClCompile Include="MathGeoLib-master\src\Math\MathLog.cpp">
      <Filter>MathGeoLib\Math</Filter>
    </ClCompile>
    <ClCompile Include="MathGeoLib-master\src\Math\MathOps.cpp">
      <Filter>MathGeoLib\Math</Filter>
    </ClCompile>
    <ClCompile Include="MathGeoLib-master\src\Geometry\AABB.cpp">
      <Filter>MathGeoLib\Geometry</Filter>
    </ClCompile>
    <ClCompile Include="MathGeoLib-master\src\Geometry\Capsule.cpp">
      <Filter>MathGeoLib\Geometry</Filter>
    </ClCompile>
    <ClCompile Include="MathGeoLib-master\src\Geometry\Circle.cpp">
      <Filter>MathGeoLib\Geometry</Filter>
    </ClCompile>
    <ClCompile Include="MathGeoLib-master\src\Geometry\Circle2D.cpp">
      <Filter>MathGeoLib\Geometry</Filter>
    </ClCompile>
    <ClCompile Include="MathGeoLib-master\src\Geometry\Frustum.cpp">
      <Filter>MathGeoLib\Geometry</Filter>
    </ClCompile>
    <ClCompile Include="MathGeoLib-master\src\Geometry\Line.cpp">
      <Filter>MathGeoLib\Geometry</Filter>
    </ClCompile>
    <ClCompile Include="MathGeoLib-master\src\Geometry\LineSegment.cpp">
      <Filter>MathGeoLib\Geometry</Filter>
    </ClCompile>
    <ClCompile Include="MathGeoLib-master\src\Geometry\LineSegment2D.cpp">
      <Filter>MathGeoLib\Geometry</Filter>
    </ClCompile>
    <ClCompile Include="MathGeoLib-master\src\Geometry\OBB.cpp">
      <Filter>MathGeoLib\Geometry</Filter>
    </ClCompile>
    <ClCompile Include="MathGeoLib-master\src\Geometry\PBVolume.cpp">
      <Filter>MathGeoLib\Geometry</Filter>
    </ClCompile>
    <ClCompile Include="MathGeoLib-master\src\Geometry\Plane.cpp">
      <Filter>MathGeoLib\Geometry</Filter>
    </ClCompile>
    <ClCompile Include="MathGeoLib-master\src\Geometry\Polygon.cpp">
      <Filter>MathGeoLib\Geometry</Filter>
    </ClCompile>
    <ClCompile Include="MathGeoLib-master\src\Geometry\Polyhedron.cpp">
      <Filter>MathGeoLib\Geometry</Filter>
    </ClCompile>
    <ClCompile Include="MathGeoLib-master\src\Geometry\Ray.cpp">
      <Filter>MathGeoLib\Geometry</Filter>
    </ClCompile>
    <ClCompile Include="MathGeoLib-master\src\Geometry\Sphere.cpp">
      <Filter>MathGeoLib\Geometry</Filter>
    </ClCompile>
    <ClCompile Include="MathGeoLib-master\src\Geometry\Triangle.cpp">
      <Filter>MathGeoLib\Geometry</Filter>
    </ClCompile>
    <ClCompile Include="MathGeoLib-master\src\Geometry\Triangle2D.cpp">
      <Filter>MathGeoLib\Geometry</Filter>
    </ClCompile>
    <ClCompile Include="MathGeoLib-master\src\Geometry\TriangleMesh.cpp">
      <Filter>MathGeoLib\Geometry</Filter>
    </ClCompile>
    <ClCompile Include="MathGeoLib-master\src\Algorithm\Random\LCG.cpp">
      <Filter>MathGeoLib\Algorithm</Filter>
    </ClCompile>
    <ClCompile Include="MathGeoLib-master\src\Algorithm\GJK.cpp">
      <Filter>MathGeoLib\Algorithm</Filter>
    </ClCompile>
    <ClCompile Include="MathGeoLib-master\src\Algorithm\GJK2D.cpp">
      <Filter>MathGeoLib\Algorithm</Filter>
    </ClCompile>
    <ClCompile Include="MathGeoLib-master\src\Algorithm\SAT.cpp">
      <Filter>MathGeoLib\Algorithm</Filter>
    </ClCompile>
    <ClCompile Include="ModuleCamera.cpp" />
    <ClCompile Include="ModuleTime.cpp" />
    <ClCompile Include="ModuleProgram.cpp" />
    <ClCompile Include="ModuleTexture.cpp" />
    <ClCompile Include="Model.cpp" />
    <ClCompile Include="Mesh.cpp" />
    <ClCompile Include="ModuleDebugDraw.cpp" />
    <ClCompile Include="ImGui\imgui.cpp">
      <Filter>ImGui</Filter>
    </ClCompile>
    <ClCompile Include="ImGui\imgui_demo.cpp">
      <Filter>ImGui</Filter>
    </ClCompile>
    <ClCompile Include="ImGui\imgui_draw.cpp">
      <Filter>ImGui</Filter>
    </ClCompile>
    <ClCompile Include="ImGui\imgui_impl_opengl3.cpp">
      <Filter>ImGui</Filter>
    </ClCompile>
    <ClCompile Include="ImGui\imgui_impl_sdl.cpp">
      <Filter>ImGui</Filter>
    </ClCompile>
    <ClCompile Include="ImGui\imgui_widgets.cpp">
      <Filter>ImGui</Filter>
    </ClCompile>
    <ClCompile Include="ModuleEditor.cpp" />
    <ClCompile Include="Module.cpp" />
    <ClCompile Include="UIConsole.cpp">
      <Filter>UI</Filter>
    </ClCompile>
    <ClCompile Include="UIConfiguration.cpp">
      <Filter>UI</Filter>
    </ClCompile>
    <ClCompile Include="UIMainMenu.cpp">
      <Filter>UI</Filter>
    </ClCompile>
    <ClCompile Include="UIProperties.cpp">
      <Filter>UI</Filter>
    </ClCompile>
    <ClCompile Include="Transformation.cpp" />
  </ItemGroup>
  <ItemGroup>
    <ClInclude Include="Application.h" />
    <ClInclude Include="Globals.h" />
    <ClInclude Include="Module.h" />
    <ClInclude Include="ModuleInput.h" />
    <ClInclude Include="ModuleRender.h" />
    <ClInclude Include="ModuleWindow.h" />
    <ClInclude Include="MathGeoLib-master\src\Time\Clock.h">
      <Filter>MathGeoLib\Time</Filter>
    </ClInclude>
    <ClInclude Include="MathGeoLib-master\src\Math\MiniFloat.h">
      <Filter>MathGeoLib\Math</Filter>
    </ClInclude>
    <ClInclude Include="MathGeoLib-master\src\Math\MultiLineMacro.h">
      <Filter>MathGeoLib\Math</Filter>
    </ClInclude>
    <ClInclude Include="MathGeoLib-master\src\Math\myassert.h">
      <Filter>MathGeoLib\Math</Filter>
    </ClInclude>
    <ClInclude Include="MathGeoLib-master\src\Math\Polynomial.h">
      <Filter>MathGeoLib\Math</Filter>
    </ClInclude>
    <ClInclude Include="MathGeoLib-master\src\Math\Quat.h">
      <Filter>MathGeoLib\Math</Filter>
    </ClInclude>
    <ClInclude Include="MathGeoLib-master\src\Math\quat_simd.h">
      <Filter>MathGeoLib\Math</Filter>
    </ClInclude>
    <ClInclude Include="MathGeoLib-master\src\Math\Rect.h">
      <Filter>MathGeoLib\Math</Filter>
    </ClInclude>
    <ClInclude Include="MathGeoLib-master\src\Math\Reinterpret.h">
      <Filter>MathGeoLib\Math</Filter>
    </ClInclude>
    <ClInclude Include="MathGeoLib-master\src\Math\simd.h">
      <Filter>MathGeoLib\Math</Filter>
    </ClInclude>
    <ClInclude Include="MathGeoLib-master\src\Math\sse_mathfun.h">
      <Filter>MathGeoLib\Math</Filter>
    </ClInclude>
    <ClInclude Include="MathGeoLib-master\src\Math\SSEMath.h">
      <Filter>MathGeoLib\Math</Filter>
    </ClInclude>
    <ClInclude Include="MathGeoLib-master\src\Math\Swap.h">
      <Filter>MathGeoLib\Math</Filter>
    </ClInclude>
    <ClInclude Include="MathGeoLib-master\src\Math\TransformOps.h">
      <Filter>MathGeoLib\Math</Filter>
    </ClInclude>
    <ClInclude Include="MathGeoLib-master\src\Math\vec2d.h">
      <Filter>MathGeoLib\Math</Filter>
    </ClInclude>
    <ClInclude Include="MathGeoLib-master\src\Math\assume.h">
      <Filter>MathGeoLib\Math</Filter>
    </ClInclude>
    <ClInclude Include="MathGeoLib-master\src\Math\BitFuncs.h">
      <Filter>MathGeoLib\Math</Filter>
    </ClInclude>
    <ClInclude Include="MathGeoLib-master\src\Math\BitOps.h">
      <Filter>MathGeoLib\Math</Filter>
    </ClInclude>
    <ClInclude Include="MathGeoLib-master\src\Math\Callstack.h">
      <Filter>MathGeoLib\Math</Filter>
    </ClInclude>
    <ClInclude Include="MathGeoLib-master\src\Math\FixedPoint.h">
      <Filter>MathGeoLib\Math</Filter>
    </ClInclude>
    <ClInclude Include="MathGeoLib-master\src\Math\float2.h">
      <Filter>MathGeoLib\Math</Filter>
    </ClInclude>
    <ClInclude Include="MathGeoLib-master\src\Math\float3.h">
      <Filter>MathGeoLib\Math</Filter>
    </ClInclude>
    <ClInclude Include="MathGeoLib-master\src\Math\float3x3.h">
      <Filter>MathGeoLib\Math</Filter>
    </ClInclude>
    <ClInclude Include="MathGeoLib-master\src\Math\float3x4.h">
      <Filter>MathGeoLib\Math</Filter>
    </ClInclude>
    <ClInclude Include="MathGeoLib-master\src\Math\float4.h">
      <Filter>MathGeoLib\Math</Filter>
    </ClInclude>
    <ClInclude Include="MathGeoLib-master\src\Math\float4_neon.h">
      <Filter>MathGeoLib\Math</Filter>
    </ClInclude>
    <ClInclude Include="MathGeoLib-master\src\Math\float4_sse.h">
      <Filter>MathGeoLib\Math</Filter>
    </ClInclude>
    <ClInclude Include="MathGeoLib-master\src\Math\float4d.h">
      <Filter>MathGeoLib\Math</Filter>
    </ClInclude>
    <ClInclude Include="MathGeoLib-master\src\Math\float4x4.h">
      <Filter>MathGeoLib\Math</Filter>
    </ClInclude>
    <ClInclude Include="MathGeoLib-master\src\Math\float4x4_neon.h">
      <Filter>MathGeoLib\Math</Filter>
    </ClInclude>
    <ClInclude Include="MathGeoLib-master\src\Math\float4x4_sse.h">
      <Filter>MathGeoLib\Math</Filter>
    </ClInclude>
    <ClInclude Include="MathGeoLib-master\src\Math\FloatCmp.h">
      <Filter>MathGeoLib\Math</Filter>
    </ClInclude>
    <ClInclude Include="MathGeoLib-master\src\Math\grisu3.h">
      <Filter>MathGeoLib\Math</Filter>
    </ClInclude>
    <ClInclude Include="MathGeoLib-master\src\Math\InclWindows.h">
      <Filter>MathGeoLib\Math</Filter>
    </ClInclude>
    <ClInclude Include="MathGeoLib-master\src\Math\Interpolate.h">
      <Filter>MathGeoLib\Math</Filter>
    </ClInclude>
    <ClInclude Include="MathGeoLib-master\src\Math\MathAll.h">
      <Filter>MathGeoLib\Math</Filter>
    </ClInclude>
    <ClInclude Include="MathGeoLib-master\src\Math\MathConstants.h">
      <Filter>MathGeoLib\Math</Filter>
    </ClInclude>
    <ClInclude Include="MathGeoLib-master\src\Math\MathFunc.h">
      <Filter>MathGeoLib\Math</Filter>
    </ClInclude>
    <ClInclude Include="MathGeoLib-master\src\Math\MathLog.h">
      <Filter>MathGeoLib\Math</Filter>
    </ClInclude>
    <ClInclude Include="MathGeoLib-master\src\Math\MathNamespace.h">
      <Filter>MathGeoLib\Math</Filter>
    </ClInclude>
    <ClInclude Include="MathGeoLib-master\src\Math\MathTypes.h">
      <Filter>MathGeoLib\Math</Filter>
    </ClInclude>
    <ClInclude Include="MathGeoLib-master\src\Math\MatrixProxy.h">
      <Filter>MathGeoLib\Math</Filter>
    </ClInclude>
    <ClInclude Include="MathGeoLib-master\src\Geometry\AABB.h">
      <Filter>MathGeoLib\Geometry</Filter>
    </ClInclude>
    <ClInclude Include="MathGeoLib-master\src\Geometry\AABB2D.h">
      <Filter>MathGeoLib\Geometry</Filter>
    </ClInclude>
    <ClInclude Include="MathGeoLib-master\src\Geometry\Capsule.h">
      <Filter>MathGeoLib\Geometry</Filter>
    </ClInclude>
    <ClInclude Include="MathGeoLib-master\src\Geometry\Circle.h">
      <Filter>MathGeoLib\Geometry</Filter>
    </ClInclude>
    <ClInclude Include="MathGeoLib-master\src\Geometry\Circle2D.h">
      <Filter>MathGeoLib\Geometry</Filter>
    </ClInclude>
    <ClInclude Include="MathGeoLib-master\src\Geometry\Frustum.h">
      <Filter>MathGeoLib\Geometry</Filter>
    </ClInclude>
    <ClInclude Include="MathGeoLib-master\src\Geometry\GeometryAll.h">
      <Filter>MathGeoLib\Geometry</Filter>
    </ClInclude>
    <ClInclude Include="MathGeoLib-master\src\Geometry\GeomType.h">
      <Filter>MathGeoLib\Geometry</Filter>
    </ClInclude>
    <ClInclude Include="MathGeoLib-master\src\Geometry\HitInfo.h">
      <Filter>MathGeoLib\Geometry</Filter>
    </ClInclude>
    <ClInclude Include="MathGeoLib-master\src\Geometry\KDTree.h">
      <Filter>MathGeoLib\Geometry</Filter>
    </ClInclude>
    <ClInclude Include="MathGeoLib-master\src\Geometry\Line.h">
      <Filter>MathGeoLib\Geometry</Filter>
    </ClInclude>
    <ClInclude Include="MathGeoLib-master\src\Geometry\LineSegment.h">
      <Filter>MathGeoLib\Geometry</Filter>
    </ClInclude>
    <ClInclude Include="MathGeoLib-master\src\Geometry\LineSegment2D.h">
      <Filter>MathGeoLib\Geometry</Filter>
    </ClInclude>
    <ClInclude Include="MathGeoLib-master\src\Geometry\OBB.h">
      <Filter>MathGeoLib\Geometry</Filter>
    </ClInclude>
    <ClInclude Include="MathGeoLib-master\src\Geometry\OBB2D.h">
      <Filter>MathGeoLib\Geometry</Filter>
    </ClInclude>
    <ClInclude Include="MathGeoLib-master\src\Geometry\PBVolume.h">
      <Filter>MathGeoLib\Geometry</Filter>
    </ClInclude>
    <ClInclude Include="MathGeoLib-master\src\Geometry\Plane.h">
      <Filter>MathGeoLib\Geometry</Filter>
    </ClInclude>
    <ClInclude Include="MathGeoLib-master\src\Geometry\Polygon.h">
      <Filter>MathGeoLib\Geometry</Filter>
    </ClInclude>
    <ClInclude Include="MathGeoLib-master\src\Geometry\Polygon2DRef.h">
      <Filter>MathGeoLib\Geometry</Filter>
    </ClInclude>
    <ClInclude Include="MathGeoLib-master\src\Geometry\Polyhedron.h">
      <Filter>MathGeoLib\Geometry</Filter>
    </ClInclude>
    <ClInclude Include="MathGeoLib-master\src\Geometry\QuadTree.h">
      <Filter>MathGeoLib\Geometry</Filter>
    </ClInclude>
    <ClInclude Include="MathGeoLib-master\src\Geometry\Ray.h">
      <Filter>MathGeoLib\Geometry</Filter>
    </ClInclude>
    <ClInclude Include="MathGeoLib-master\src\Geometry\Sphere.h">
      <Filter>MathGeoLib\Geometry</Filter>
    </ClInclude>
    <ClInclude Include="MathGeoLib-master\src\Geometry\Triangle.h">
      <Filter>MathGeoLib\Geometry</Filter>
    </ClInclude>
    <ClInclude Include="MathGeoLib-master\src\Geometry\Triangle2D.h">
      <Filter>MathGeoLib\Geometry</Filter>
    </ClInclude>
    <ClInclude Include="MathGeoLib-master\src\Geometry\TriangleMesh.h">
      <Filter>MathGeoLib\Geometry</Filter>
    </ClInclude>
    <ClInclude Include="MathGeoLib-master\src\emscripten\library_system.h">
      <Filter>MathGeoLib\emscripten</Filter>
    </ClInclude>
    <ClInclude Include="MathGeoLib-master\src\Algorithm\Random\LCG.h">
      <Filter>MathGeoLib\Algorithm</Filter>
    </ClInclude>
    <ClInclude Include="MathGeoLib-master\src\Algorithm\GJK.h">
      <Filter>MathGeoLib\Algorithm</Filter>
    </ClInclude>
    <ClInclude Include="MathGeoLib-master\src\Algorithm\GJK2D.h">
      <Filter>MathGeoLib\Algorithm</Filter>
    </ClInclude>
    <ClInclude Include="MathGeoLib-master\src\Algorithm\SAT.h">
      <Filter>MathGeoLib\Algorithm</Filter>
    </ClInclude>
    <ClInclude Include="MathGeoLib-master\src\MathBuildConfig.h">
      <Filter>MathGeoLib</Filter>
    </ClInclude>
    <ClInclude Include="MathGeoLib-master\src\MathGeoLib.h">
      <Filter>MathGeoLib</Filter>
    </ClInclude>
    <ClInclude Include="MathGeoLib-master\src\MathGeoLibFwd.h">
      <Filter>MathGeoLib</Filter>
    </ClInclude>
    <ClInclude Include="ModuleCamera.h" />
    <ClInclude Include="ModuleTime.h" />
    <ClInclude Include="ModuleProgram.h" />
    <ClInclude Include="ModuleTexture.h" />
    <ClInclude Include="Model.h" />
    <ClInclude Include="Mesh.h" />
    <ClInclude Include="Point.h" />
    <ClInclude Include="ModuleDebugDraw.h" />
    <ClInclude Include="debug_draw.hpp" />
    <ClInclude Include="debugdraw.h" />
    <ClInclude Include="ImGui\imconfig.h">
      <Filter>ImGui</Filter>
    </ClInclude>
    <ClInclude Include="ImGui\imgui.h">
      <Filter>ImGui</Filter>
    </ClInclude>
    <ClInclude Include="ImGui\imgui_impl_opengl3.h">
      <Filter>ImGui</Filter>
    </ClInclude>
    <ClInclude Include="ImGui\imgui_impl_sdl.h">
      <Filter>ImGui</Filter>
    </ClInclude>
    <ClInclude Include="ImGui\imgui_internal.h">
      <Filter>ImGui</Filter>
    </ClInclude>
    <ClInclude Include="ImGui\imstb_rectpack.h">
      <Filter>ImGui</Filter>
    </ClInclude>
    <ClInclude Include="ImGui\imstb_textedit.h">
      <Filter>ImGui</Filter>
    </ClInclude>
    <ClInclude Include="ImGui\imstb_truetype.h">
      <Filter>ImGui</Filter>
    </ClInclude>
    <ClInclude Include="ModuleEditor.h" />
    <ClInclude Include="UIComponent.h">
      <Filter>UI</Filter>
    </ClInclude>
    <ClInclude Include="UIConsole.h">
      <Filter>UI</Filter>
    </ClInclude>
    <ClInclude Include="DebugLogger.h" />
    <ClInclude Include="MemoryLeakDetector.h" />
    <ClInclude Include="TimerMicro.h">
      <Filter>Timers</Filter>
    </ClInclude>
    <ClInclude Include="TimerMili.h">
      <Filter>Timers</Filter>
    </ClInclude>
    <ClInclude Include="UIConfiguration.h">
      <Filter>UI</Filter>
    </ClInclude>
    <ClInclude Include="UIMainMenu.h">
      <Filter>UI</Filter>
    </ClInclude>
    <ClInclude Include="UIProperties.h">
      <Filter>UI</Filter>
    </ClInclude>
    <ClInclude Include="Transformation.h" />
  </ItemGroup>
  <ItemGroup>
    <Filter Include="MathGeoLib">
      <UniqueIdentifier>{ffb7a32f-b0a5-43b0-a6f0-89543c9fa22c}</UniqueIdentifier>
    </Filter>
    <Filter Include="MathGeoLib\Algorithm">
      <UniqueIdentifier>{6e1f9c3d-698f-4893-90be-755c283c4be5}</UniqueIdentifier>
    </Filter>
    <Filter Include="MathGeoLib\emscripten">
      <UniqueIdentifier>{abb6e24e-daa4-4624-b3b2-023e56d1606c}</UniqueIdentifier>
    </Filter>
    <Filter Include="MathGeoLib\Geometry">
      <UniqueIdentifier>{13ce4845-5622-4ffd-994c-ed2c3a812d19}</UniqueIdentifier>
    </Filter>
    <Filter Include="MathGeoLib\Math">
      <UniqueIdentifier>{09604786-128f-45a5-a22a-31f72516eaa1}</UniqueIdentifier>
    </Filter>
    <Filter Include="MathGeoLib\Time">
      <UniqueIdentifier>{e1a7341b-f60c-4c1b-8975-c3ca88ea8ab6}</UniqueIdentifier>
    </Filter>
    <Filter Include="Shaders">
      <UniqueIdentifier>{8394f06a-f848-4e1e-b162-7bbfb2cc3500}</UniqueIdentifier>
    </Filter>
    <Filter Include="ImGui">
      <UniqueIdentifier>{ac58fd32-c79e-4891-a8e2-234e0d45d0ff}</UniqueIdentifier>
    </Filter>
    <Filter Include="UI">
      <UniqueIdentifier>{bc3e85e6-4ccd-4b04-a926-97d33e5bf6b5}</UniqueIdentifier>
    </Filter>
    <Filter Include="Timers">
      <UniqueIdentifier>{89c545e7-f06a-4d9b-823f-2c192a418de4}</UniqueIdentifier>
    </Filter>
  </ItemGroup>
  <ItemGroup>
    <None Include="MathGeoLib-master\src\Math\float2.inl">
      <Filter>MathGeoLib\Math</Filter>
    </None>
    <None Include="MathGeoLib-master\src\Math\Matrix.inl">
      <Filter>MathGeoLib\Math</Filter>
    </None>
    <None Include="MathGeoLib-master\src\Geometry\KDTree.inl">
      <Filter>MathGeoLib\Geometry</Filter>
    </None>
    <None Include="MathGeoLib-master\src\Geometry\QuadTree.inl">
      <Filter>MathGeoLib\Geometry</Filter>
    </None>
    <None Include="MathGeoLib-master\src\Geometry\TriangleMesh_IntersectRay_AVX.inl">
      <Filter>MathGeoLib\Geometry</Filter>
    </None>
    <None Include="MathGeoLib-master\src\Geometry\TriangleMesh_IntersectRay_CPP.inl">
      <Filter>MathGeoLib\Geometry</Filter>
    </None>
    <None Include="MathGeoLib-master\src\Geometry\TriangleMesh_IntersectRay_SSE.inl">
      <Filter>MathGeoLib\Geometry</Filter>
    </None>
    <None Include="MathGeoLib-master\src\emscripten\library_system.js">
      <Filter>MathGeoLib\emscripten</Filter>
    </None>
    <None Include="Game\shaders\FragmentShaderTexture.glsl">
      <Filter>Shaders</Filter>
    </None>
    <None Include="Game\shaders\VertexShader.glsl">
      <Filter>Shaders</Filter>
    </None>
    <None Include="Game\shaders\VertexShaderTexture.glsl">
      <Filter>Shaders</Filter>
    </None>
    <None Include="Game\shaders\FragmentShader.glsl">
      <Filter>Shaders</Filter>
    </None>
    <None Include="Game\shaders\FragmentShaderPhong.glsl">
      <Filter>Shaders</Filter>
    </None>
    <None Include="Game\shaders\VertexShaderPhong.glsl">
      <Filter>Shaders</Filter>
    </None>
  </ItemGroup>
</Project>